{
    "name": "chrome-bookmarks-html-to-json",
    "version": "1.0.0",
    "lockfileVersion": 2,
    "requires": true,
    "packages": {
        "": {
            "name": "chrome-bookmarks-html-to-json",
            "version": "1.0.0",
            "license": "MIT",
            "dependencies": {
                "html-parser-lite": "github:flawiddsouza/html-parser-lite"
            },
            "bin": {
                "chrome-bookmarks-html-to-json": "cli.mjs"
            }
        },
        "node_modules/html-entities": {
            "version": "2.3.2",
            "resolved": "https://registry.npmjs.org/html-entities/-/html-entities-2.3.2.tgz",
            "integrity": "sha512-c3Ab/url5ksaT0WyleslpBEthOzWhrjQbg75y7XUsfSzi3Dgzt0l8w5e7DylRn15MTlMMD58dTfzddNS2kcAjQ=="
        },
        "node_modules/html-parser-lite": {
            "version": "1.0.0",
            "resolved": "git+ssh://git@github.com/flawiddsouza/html-parser-lite.git#2d56a9d99c813bb60d8709651acf53c76a1a78bb",
            "license": "MIT",
            "dependencies": {
                "html-entities": "^2.3.2"
            }
        }
    },
    "dependencies": {
        "html-entities": {
            "version": "2.3.2",
            "resolved": "https://registry.npmjs.org/html-entities/-/html-entities-2.3.2.tgz",
            "integrity": "sha512-c3Ab/url5ksaT0WyleslpBEthOzWhrjQbg75y7XUsfSzi3Dgzt0l8w5e7DylRn15MTlMMD58dTfzddNS2kcAjQ=="
        },
        "html-parser-lite": {
            "version": "git+ssh://git@github.com/flawiddsouza/html-parser-lite.git#2d56a9d99c813bb60d8709651acf53c76a1a78bb",
            "from": "html-parser-lite@github:flawiddsouza/html-parser-lite",
            "requires": {
                "html-entities": "^2.3.2"
            }
        }
    }
}
